# This file is automatically @generated by Cargo.

[[package]]
name = "test-app"
version = "0.1.0"
dependencies = [
    "vulnerable-test-pkg",
    "safe-pkg",
]

[[package]]
name = "vulnerable-test-pkg"
version = "0.1.5"
source = "registry+https://github.com/rust-lang/crates.io-index"
checksum = "abc123def456"
dependencies = []

[[package]]
name = "safe-pkg"
version = "1.0.0"
source = "registry+https://github.com/rust-lang/crates.io-index"
checksum = "789xyz012"
dependencies = []
